
Microsoft Visual Studio Solution File, Format Version 12.00
# Visual Studio Version 17
VisualStudioVersion = 17.12.35707.178
MinimumVisualStudioVersion = 10.0.40219.1
Project("{FAE04EC0-301F-11D3-BF4B-00C04F79EFBC}") = "task_2_2", "task_2_2\task_2_2.csproj", "{4233C988-CB02-46B6-A116-751E077D9FA7}"
EndProject
Project("{FAE04EC0-301F-11D3-BF4B-00C04F79EFBC}") = "task_2_4", "task_2_4\task_2_4.csproj", "{C7432C94-D64C-418A-AC64-BE8B02107C31}"
EndProject
Project("{FAE04EC0-301F-11D3-BF4B-00C04F79EFBC}") = "task_3_4", "task_3_4\task_3_4.csproj", "{C2520F78-3D09-4A8E-A18A-E7B7B0272687}"
EndProject
Project("{FAE04EC0-301F-11D3-BF4B-00C04F79EFBC}") = "task_3_5", "task_3_5\task_3_5.csproj", "{81C35180-375A-4B0F-A207-0AC0C9A91D58}"
EndProject
Project("{FAE04EC0-301F-11D3-BF4B-00C04F79EFBC}") = "task_3_6", "task_3_6\task_3_6.csproj", "{E9DF31A8-553A-41DA-BB14-04334DB1C0B3}"
EndProject
Project("{FAE04EC0-301F-11D3-BF4B-00C04F79EFBC}") = "task_3_7", "task_3_7\task_3_7.csproj", "{2491F229-90BE-4986-B13A-AA2C58994DC3}"
EndProject
Project("{FAE04EC0-301F-11D3-BF4B-00C04F79EFBC}") = "task_3_8", "task_3_8\task_3_8.csproj", "{03A3994E-0491-4528-ACA5-EF17520F6FEA}"
EndProject
Project("{FAE04EC0-301F-11D3-BF4B-00C04F79EFBC}") = "task_3_9", "task_3_9\task_3_9.csproj", "{5064BC2D-6BCD-4A14-ACB8-282EB6A83751}"
EndProject
Project("{FAE04EC0-301F-11D3-BF4B-00C04F79EFBC}") = "task_4_5", "task_4_5\task_4_5.csproj", "{4AA41B37-7036-4914-9154-7A9AE2596B5A}"
EndProject
Project("{FAE04EC0-301F-11D3-BF4B-00C04F79EFBC}") = "task_4_6", "task_4_6\task_4_6.csproj", "{0EE04AAF-673D-4BC5-BC51-3B252AF6DB4E}"
EndProject
Project("{FAE04EC0-301F-11D3-BF4B-00C04F79EFBC}") = "task_4_7", "task_4_7\task_4_7.csproj", "{73A79EE3-9A22-4232-92C3-9DF459CF50F8}"
EndProject
Project("{FAE04EC0-301F-11D3-BF4B-00C04F79EFBC}") = "task_4_8", "task_4_8\task_4_8.csproj", "{1BE7E39B-BE12-4779-8131-9E8B36304EDD}"
EndProject
Project("{FAE04EC0-301F-11D3-BF4B-00C04F79EFBC}") = "task_4_9", "task_4_9\task_4_9.csproj", "{8035D649-E10D-4D89-A5B3-203D64A05145}"
EndProject
Project("{FAE04EC0-301F-11D3-BF4B-00C04F79EFBC}") = "task_4_10", "task_4_10\task_4_10.csproj", "{051458ED-5DE4-4AF3-98DE-087F2F4B35DC}"
EndProject
Project("{FAE04EC0-301F-11D3-BF4B-00C04F79EFBC}") = "task_5_3", "task_5_3\task_5_3.csproj", "{EE6DA8A7-12CE-42C5-8606-00D4B5EBD097}"
EndProject
Project("{FAE04EC0-301F-11D3-BF4B-00C04F79EFBC}") = "task_5_4", "task_5_4\task_5_4.csproj", "{114585E8-7021-4140-937C-44610655B0A2}"
EndProject
Project("{FAE04EC0-301F-11D3-BF4B-00C04F79EFBC}") = "task_5_5", "task_5_5\task_5_5.csproj", "{F0D2B84D-0DBF-4A7F-876A-19EEF5D33CEF}"
EndProject
Project("{FAE04EC0-301F-11D3-BF4B-00C04F79EFBC}") = "task_5_6", "task_5_6\task_5_6.csproj", "{4D43F118-F752-4659-B063-5FCFF7BAAB9E}"
EndProject
Project("{FAE04EC0-301F-11D3-BF4B-00C04F79EFBC}") = "task_5_7", "task_5_7\task_5_7.csproj", "{9CD4B3AF-5960-4300-B7A2-6CB1A7B417B7}"
EndProject
Project("{FAE04EC0-301F-11D3-BF4B-00C04F79EFBC}") = "task_5_8", "task_5_8\task_5_8.csproj", "{334FC10F-5BAD-4FAC-B54A-FD81AF0D1A94}"
EndProject
Project("{FAE04EC0-301F-11D3-BF4B-00C04F79EFBC}") = "task_5_9", "task_5_9\task_5_9.csproj", "{C13E5AD6-416D-4129-9728-F120495844CA}"
EndProject
Project("{FAE04EC0-301F-11D3-BF4B-00C04F79EFBC}") = "task_10_6", "task_10_6\task_10_6.csproj", "{21498ABA-9F47-4A5F-B166-72C885ED126F}"
EndProject
Project("{FAE04EC0-301F-11D3-BF4B-00C04F79EFBC}") = "task_10_7", "task_10_7\task_10_7.csproj", "{AEAFF6C4-A427-425E-9BBA-B2B669FDDE6D}"
EndProject
Project("{FAE04EC0-301F-11D3-BF4B-00C04F79EFBC}") = "task_10_8", "task_10_8\task_10_8.csproj", "{39331246-25AC-4A6D-A8B2-D91101D561A0}"
EndProject
Project("{FAE04EC0-301F-11D3-BF4B-00C04F79EFBC}") = "task_12_01", "task_12_01\task_12_01.csproj", "{73DED9BF-DC29-4308-9BC2-BB77594F4E6D}"
EndProject
Project("{FAE04EC0-301F-11D3-BF4B-00C04F79EFBC}") = "task_12_02", "task_12_02\task_12_02.csproj", "{2D2AA0B8-1CC2-4B88-9868-A97E5A6B9F89}"
EndProject
Project("{FAE04EC0-301F-11D3-BF4B-00C04F79EFBC}") = "task_13_02", "task_!2_02\task_13_02.csproj", "{B92B2BC2-30B0-4869-B3B2-C8663A10924A}"
EndProject
Project("{FAE04EC0-301F-11D3-BF4B-00C04F79EFBC}") = "task_13_02()", "task_13_02()\task_13_02().csproj", "{5C1A5ECC-F582-447A-8205-010523D9B3A0}"
EndProject
Project("{FAE04EC0-301F-11D3-BF4B-00C04F79EFBC}") = "task_13_03", "task_13_03\task_13_03.csproj", "{9DCF5C2C-9C69-4613-A2A1-0D81A78B817F}"
EndProject
Project("{FAE04EC0-301F-11D3-BF4B-00C04F79EFBC}") = "task_14_03", "task_14_03\task_14_03.csproj", "{240F9BFA-ED94-4855-8BA7-E90AAE46F4FF}"
EndProject
Project("{FAE04EC0-301F-11D3-BF4B-00C04F79EFBC}") = "task_14_04", "task_14_04\task_14_04.csproj", "{B260CDA6-E018-4628-9B91-4CB347B8023E}"
EndProject
Project("{FAE04EC0-301F-11D3-BF4B-00C04F79EFBC}") = "task_19_01", "task_19_01\task_19_01.csproj", "{213C4518-0E1F-40AD-A891-B9DAE1E697D8}"
EndProject
Project("{FAE04EC0-301F-11D3-BF4B-00C04F79EFBC}") = "task_19_02", "task_19_02\task_19_02.csproj", "{266E8581-D310-452F-B4FD-9EF252A0A628}"
EndProject
Project("{FAE04EC0-301F-11D3-BF4B-00C04F79EFBC}") = "task_19_03", "task_19_03\task_19_03.csproj", "{6B7AB267-3925-49C5-853C-0A9F9515268F}"
EndProject
Project("{FAE04EC0-301F-11D3-BF4B-00C04F79EFBC}") = "task_20_04", "task_20_04\task_20_04.csproj", "{63DD66FE-14C6-4BCF-AD37-B03EBC423719}"
EndProject
Project("{FAE04EC0-301F-11D3-BF4B-00C04F79EFBC}") = "task_20_05", "task_20_05\task_20_05.csproj", "{26DE3A03-E6F7-46A8-8C4E-1C973B0D0ED4}"
EndProject
Project("{FAE04EC0-301F-11D3-BF4B-00C04F79EFBC}") = "task_20_06", "task_20_06\task_20_06.csproj", "{2BD732E7-D371-4649-98FC-51660B502F54}"
EndProject
Project("{FAE04EC0-301F-11D3-BF4B-00C04F79EFBC}") = "task_21_01", "task_21_01\task_21_01.csproj", "{78BE6B65-0BD2-486B-8AD2-0BFF84CFC954}"
EndProject
Project("{FAE04EC0-301F-11D3-BF4B-00C04F79EFBC}") = "task_21_02", "task_21_02\task_21_02.csproj", "{9C680684-F591-4C71-9357-3D386D752167}"
EndProject
Global
	GlobalSection(SolutionConfigurationPlatforms) = preSolution
		Debug|Any CPU = Debug|Any CPU
		Release|Any CPU = Release|Any CPU
	EndGlobalSection
	GlobalSection(ProjectConfigurationPlatforms) = postSolution
		{4233C988-CB02-46B6-A116-751E077D9FA7}.Debug|Any CPU.ActiveCfg = Debug|Any CPU
		{4233C988-CB02-46B6-A116-751E077D9FA7}.Debug|Any CPU.Build.0 = Debug|Any CPU
		{4233C988-CB02-46B6-A116-751E077D9FA7}.Release|Any CPU.ActiveCfg = Release|Any CPU
		{4233C988-CB02-46B6-A116-751E077D9FA7}.Release|Any CPU.Build.0 = Release|Any CPU
		{C7432C94-D64C-418A-AC64-BE8B02107C31}.Debug|Any CPU.ActiveCfg = Debug|Any CPU
		{C7432C94-D64C-418A-AC64-BE8B02107C31}.Debug|Any CPU.Build.0 = Debug|Any CPU
		{C7432C94-D64C-418A-AC64-BE8B02107C31}.Release|Any CPU.ActiveCfg = Release|Any CPU
		{C7432C94-D64C-418A-AC64-BE8B02107C31}.Release|Any CPU.Build.0 = Release|Any CPU
		{C2520F78-3D09-4A8E-A18A-E7B7B0272687}.Debug|Any CPU.ActiveCfg = Debug|Any CPU
		{C2520F78-3D09-4A8E-A18A-E7B7B0272687}.Debug|Any CPU.Build.0 = Debug|Any CPU
		{C2520F78-3D09-4A8E-A18A-E7B7B0272687}.Release|Any CPU.ActiveCfg = Release|Any CPU
		{C2520F78-3D09-4A8E-A18A-E7B7B0272687}.Release|Any CPU.Build.0 = Release|Any CPU
		{81C35180-375A-4B0F-A207-0AC0C9A91D58}.Debug|Any CPU.ActiveCfg = Debug|Any CPU
		{81C35180-375A-4B0F-A207-0AC0C9A91D58}.Debug|Any CPU.Build.0 = Debug|Any CPU
		{81C35180-375A-4B0F-A207-0AC0C9A91D58}.Release|Any CPU.ActiveCfg = Release|Any CPU
		{81C35180-375A-4B0F-A207-0AC0C9A91D58}.Release|Any CPU.Build.0 = Release|Any CPU
		{E9DF31A8-553A-41DA-BB14-04334DB1C0B3}.Debug|Any CPU.ActiveCfg = Debug|Any CPU
		{E9DF31A8-553A-41DA-BB14-04334DB1C0B3}.Debug|Any CPU.Build.0 = Debug|Any CPU
		{E9DF31A8-553A-41DA-BB14-04334DB1C0B3}.Release|Any CPU.ActiveCfg = Release|Any CPU
		{E9DF31A8-553A-41DA-BB14-04334DB1C0B3}.Release|Any CPU.Build.0 = Release|Any CPU
		{2491F229-90BE-4986-B13A-AA2C58994DC3}.Debug|Any CPU.ActiveCfg = Debug|Any CPU
		{2491F229-90BE-4986-B13A-AA2C58994DC3}.Debug|Any CPU.Build.0 = Debug|Any CPU
		{2491F229-90BE-4986-B13A-AA2C58994DC3}.Release|Any CPU.ActiveCfg = Release|Any CPU
		{2491F229-90BE-4986-B13A-AA2C58994DC3}.Release|Any CPU.Build.0 = Release|Any CPU
		{03A3994E-0491-4528-ACA5-EF17520F6FEA}.Debug|Any CPU.ActiveCfg = Debug|Any CPU
		{03A3994E-0491-4528-ACA5-EF17520F6FEA}.Debug|Any CPU.Build.0 = Debug|Any CPU
		{03A3994E-0491-4528-ACA5-EF17520F6FEA}.Release|Any CPU.ActiveCfg = Release|Any CPU
		{03A3994E-0491-4528-ACA5-EF17520F6FEA}.Release|Any CPU.Build.0 = Release|Any CPU
		{5064BC2D-6BCD-4A14-ACB8-282EB6A83751}.Debug|Any CPU.ActiveCfg = Debug|Any CPU
		{5064BC2D-6BCD-4A14-ACB8-282EB6A83751}.Debug|Any CPU.Build.0 = Debug|Any CPU
		{5064BC2D-6BCD-4A14-ACB8-282EB6A83751}.Release|Any CPU.ActiveCfg = Release|Any CPU
		{5064BC2D-6BCD-4A14-ACB8-282EB6A83751}.Release|Any CPU.Build.0 = Release|Any CPU
		{4AA41B37-7036-4914-9154-7A9AE2596B5A}.Debug|Any CPU.ActiveCfg = Debug|Any CPU
		{4AA41B37-7036-4914-9154-7A9AE2596B5A}.Debug|Any CPU.Build.0 = Debug|Any CPU
		{4AA41B37-7036-4914-9154-7A9AE2596B5A}.Release|Any CPU.ActiveCfg = Release|Any CPU
		{4AA41B37-7036-4914-9154-7A9AE2596B5A}.Release|Any CPU.Build.0 = Release|Any CPU
		{0EE04AAF-673D-4BC5-BC51-3B252AF6DB4E}.Debug|Any CPU.ActiveCfg = Debug|Any CPU
		{0EE04AAF-673D-4BC5-BC51-3B252AF6DB4E}.Debug|Any CPU.Build.0 = Debug|Any CPU
		{0EE04AAF-673D-4BC5-BC51-3B252AF6DB4E}.Release|Any CPU.ActiveCfg = Release|Any CPU
		{0EE04AAF-673D-4BC5-BC51-3B252AF6DB4E}.Release|Any CPU.Build.0 = Release|Any CPU
		{73A79EE3-9A22-4232-92C3-9DF459CF50F8}.Debug|Any CPU.ActiveCfg = Debug|Any CPU
		{73A79EE3-9A22-4232-92C3-9DF459CF50F8}.Debug|Any CPU.Build.0 = Debug|Any CPU
		{73A79EE3-9A22-4232-92C3-9DF459CF50F8}.Release|Any CPU.ActiveCfg = Release|Any CPU
		{73A79EE3-9A22-4232-92C3-9DF459CF50F8}.Release|Any CPU.Build.0 = Release|Any CPU
		{1BE7E39B-BE12-4779-8131-9E8B36304EDD}.Debug|Any CPU.ActiveCfg = Debug|Any CPU
		{1BE7E39B-BE12-4779-8131-9E8B36304EDD}.Debug|Any CPU.Build.0 = Debug|Any CPU
		{1BE7E39B-BE12-4779-8131-9E8B36304EDD}.Release|Any CPU.ActiveCfg = Release|Any CPU
		{1BE7E39B-BE12-4779-8131-9E8B36304EDD}.Release|Any CPU.Build.0 = Release|Any CPU
		{8035D649-E10D-4D89-A5B3-203D64A05145}.Debug|Any CPU.ActiveCfg = Debug|Any CPU
		{8035D649-E10D-4D89-A5B3-203D64A05145}.Debug|Any CPU.Build.0 = Debug|Any CPU
		{8035D649-E10D-4D89-A5B3-203D64A05145}.Release|Any CPU.ActiveCfg = Release|Any CPU
		{8035D649-E10D-4D89-A5B3-203D64A05145}.Release|Any CPU.Build.0 = Release|Any CPU
		{051458ED-5DE4-4AF3-98DE-087F2F4B35DC}.Debug|Any CPU.ActiveCfg = Debug|Any CPU
		{051458ED-5DE4-4AF3-98DE-087F2F4B35DC}.Debug|Any CPU.Build.0 = Debug|Any CPU
		{051458ED-5DE4-4AF3-98DE-087F2F4B35DC}.Release|Any CPU.ActiveCfg = Release|Any CPU
		{051458ED-5DE4-4AF3-98DE-087F2F4B35DC}.Release|Any CPU.Build.0 = Release|Any CPU
		{EE6DA8A7-12CE-42C5-8606-00D4B5EBD097}.Debug|Any CPU.ActiveCfg = Debug|Any CPU
		{EE6DA8A7-12CE-42C5-8606-00D4B5EBD097}.Debug|Any CPU.Build.0 = Debug|Any CPU
		{EE6DA8A7-12CE-42C5-8606-00D4B5EBD097}.Release|Any CPU.ActiveCfg = Release|Any CPU
		{EE6DA8A7-12CE-42C5-8606-00D4B5EBD097}.Release|Any CPU.Build.0 = Release|Any CPU
		{114585E8-7021-4140-937C-44610655B0A2}.Debug|Any CPU.ActiveCfg = Debug|Any CPU
		{114585E8-7021-4140-937C-44610655B0A2}.Debug|Any CPU.Build.0 = Debug|Any CPU
		{114585E8-7021-4140-937C-44610655B0A2}.Release|Any CPU.ActiveCfg = Release|Any CPU
		{114585E8-7021-4140-937C-44610655B0A2}.Release|Any CPU.Build.0 = Release|Any CPU
		{F0D2B84D-0DBF-4A7F-876A-19EEF5D33CEF}.Debug|Any CPU.ActiveCfg = Debug|Any CPU
		{F0D2B84D-0DBF-4A7F-876A-19EEF5D33CEF}.Debug|Any CPU.Build.0 = Debug|Any CPU
		{F0D2B84D-0DBF-4A7F-876A-19EEF5D33CEF}.Release|Any CPU.ActiveCfg = Release|Any CPU
		{F0D2B84D-0DBF-4A7F-876A-19EEF5D33CEF}.Release|Any CPU.Build.0 = Release|Any CPU
		{4D43F118-F752-4659-B063-5FCFF7BAAB9E}.Debug|Any CPU.ActiveCfg = Debug|Any CPU
		{4D43F118-F752-4659-B063-5FCFF7BAAB9E}.Debug|Any CPU.Build.0 = Debug|Any CPU
		{4D43F118-F752-4659-B063-5FCFF7BAAB9E}.Release|Any CPU.ActiveCfg = Release|Any CPU
		{4D43F118-F752-4659-B063-5FCFF7BAAB9E}.Release|Any CPU.Build.0 = Release|Any CPU
		{9CD4B3AF-5960-4300-B7A2-6CB1A7B417B7}.Debug|Any CPU.ActiveCfg = Debug|Any CPU
		{9CD4B3AF-5960-4300-B7A2-6CB1A7B417B7}.Debug|Any CPU.Build.0 = Debug|Any CPU
		{9CD4B3AF-5960-4300-B7A2-6CB1A7B417B7}.Release|Any CPU.ActiveCfg = Release|Any CPU
		{9CD4B3AF-5960-4300-B7A2-6CB1A7B417B7}.Release|Any CPU.Build.0 = Release|Any CPU
		{334FC10F-5BAD-4FAC-B54A-FD81AF0D1A94}.Debug|Any CPU.ActiveCfg = Debug|Any CPU
		{334FC10F-5BAD-4FAC-B54A-FD81AF0D1A94}.Debug|Any CPU.Build.0 = Debug|Any CPU
		{334FC10F-5BAD-4FAC-B54A-FD81AF0D1A94}.Release|Any CPU.ActiveCfg = Release|Any CPU
		{334FC10F-5BAD-4FAC-B54A-FD81AF0D1A94}.Release|Any CPU.Build.0 = Release|Any CPU
		{C13E5AD6-416D-4129-9728-F120495844CA}.Debug|Any CPU.ActiveCfg = Debug|Any CPU
		{C13E5AD6-416D-4129-9728-F120495844CA}.Debug|Any CPU.Build.0 = Debug|Any CPU
		{C13E5AD6-416D-4129-9728-F120495844CA}.Release|Any CPU.ActiveCfg = Release|Any CPU
		{C13E5AD6-416D-4129-9728-F120495844CA}.Release|Any CPU.Build.0 = Release|Any CPU
		{21498ABA-9F47-4A5F-B166-72C885ED126F}.Debug|Any CPU.ActiveCfg = Debug|Any CPU
		{21498ABA-9F47-4A5F-B166-72C885ED126F}.Debug|Any CPU.Build.0 = Debug|Any CPU
		{21498ABA-9F47-4A5F-B166-72C885ED126F}.Release|Any CPU.ActiveCfg = Release|Any CPU
		{21498ABA-9F47-4A5F-B166-72C885ED126F}.Release|Any CPU.Build.0 = Release|Any CPU
		{AEAFF6C4-A427-425E-9BBA-B2B669FDDE6D}.Debug|Any CPU.ActiveCfg = Debug|Any CPU
		{AEAFF6C4-A427-425E-9BBA-B2B669FDDE6D}.Debug|Any CPU.Build.0 = Debug|Any CPU
		{AEAFF6C4-A427-425E-9BBA-B2B669FDDE6D}.Release|Any CPU.ActiveCfg = Release|Any CPU
		{AEAFF6C4-A427-425E-9BBA-B2B669FDDE6D}.Release|Any CPU.Build.0 = Release|Any CPU
		{39331246-25AC-4A6D-A8B2-D91101D561A0}.Debug|Any CPU.ActiveCfg = Debug|Any CPU
		{39331246-25AC-4A6D-A8B2-D91101D561A0}.Debug|Any CPU.Build.0 = Debug|Any CPU
		{39331246-25AC-4A6D-A8B2-D91101D561A0}.Release|Any CPU.ActiveCfg = Release|Any CPU
		{39331246-25AC-4A6D-A8B2-D91101D561A0}.Release|Any CPU.Build.0 = Release|Any CPU
		{73DED9BF-DC29-4308-9BC2-BB77594F4E6D}.Debug|Any CPU.ActiveCfg = Debug|Any CPU
		{73DED9BF-DC29-4308-9BC2-BB77594F4E6D}.Debug|Any CPU.Build.0 = Debug|Any CPU
		{73DED9BF-DC29-4308-9BC2-BB77594F4E6D}.Release|Any CPU.ActiveCfg = Release|Any CPU
		{73DED9BF-DC29-4308-9BC2-BB77594F4E6D}.Release|Any CPU.Build.0 = Release|Any CPU
		{2D2AA0B8-1CC2-4B88-9868-A97E5A6B9F89}.Debug|Any CPU.ActiveCfg = Debug|Any CPU
		{2D2AA0B8-1CC2-4B88-9868-A97E5A6B9F89}.Debug|Any CPU.Build.0 = Debug|Any CPU
		{2D2AA0B8-1CC2-4B88-9868-A97E5A6B9F89}.Release|Any CPU.ActiveCfg = Release|Any CPU
		{2D2AA0B8-1CC2-4B88-9868-A97E5A6B9F89}.Release|Any CPU.Build.0 = Release|Any CPU
		{B92B2BC2-30B0-4869-B3B2-C8663A10924A}.Debug|Any CPU.ActiveCfg = Debug|Any CPU
		{B92B2BC2-30B0-4869-B3B2-C8663A10924A}.Debug|Any CPU.Build.0 = Debug|Any CPU
		{B92B2BC2-30B0-4869-B3B2-C8663A10924A}.Release|Any CPU.ActiveCfg = Release|Any CPU
		{B92B2BC2-30B0-4869-B3B2-C8663A10924A}.Release|Any CPU.Build.0 = Release|Any CPU
		{5C1A5ECC-F582-447A-8205-010523D9B3A0}.Debug|Any CPU.ActiveCfg = Debug|Any CPU
		{5C1A5ECC-F582-447A-8205-010523D9B3A0}.Debug|Any CPU.Build.0 = Debug|Any CPU
		{5C1A5ECC-F582-447A-8205-010523D9B3A0}.Release|Any CPU.ActiveCfg = Release|Any CPU
		{5C1A5ECC-F582-447A-8205-010523D9B3A0}.Release|Any CPU.Build.0 = Release|Any CPU
		{9DCF5C2C-9C69-4613-A2A1-0D81A78B817F}.Debug|Any CPU.ActiveCfg = Debug|Any CPU
		{9DCF5C2C-9C69-4613-A2A1-0D81A78B817F}.Debug|Any CPU.Build.0 = Debug|Any CPU
		{9DCF5C2C-9C69-4613-A2A1-0D81A78B817F}.Release|Any CPU.ActiveCfg = Release|Any CPU
		{9DCF5C2C-9C69-4613-A2A1-0D81A78B817F}.Release|Any CPU.Build.0 = Release|Any CPU
		{240F9BFA-ED94-4855-8BA7-E90AAE46F4FF}.Debug|Any CPU.ActiveCfg = Debug|Any CPU
		{240F9BFA-ED94-4855-8BA7-E90AAE46F4FF}.Debug|Any CPU.Build.0 = Debug|Any CPU
		{240F9BFA-ED94-4855-8BA7-E90AAE46F4FF}.Release|Any CPU.ActiveCfg = Release|Any CPU
		{240F9BFA-ED94-4855-8BA7-E90AAE46F4FF}.Release|Any CPU.Build.0 = Release|Any CPU
		{B260CDA6-E018-4628-9B91-4CB347B8023E}.Debug|Any CPU.ActiveCfg = Debug|Any CPU
		{B260CDA6-E018-4628-9B91-4CB347B8023E}.Debug|Any CPU.Build.0 = Debug|Any CPU
		{B260CDA6-E018-4628-9B91-4CB347B8023E}.Release|Any CPU.ActiveCfg = Release|Any CPU
		{B260CDA6-E018-4628-9B91-4CB347B8023E}.Release|Any CPU.Build.0 = Release|Any CPU
		{213C4518-0E1F-40AD-A891-B9DAE1E697D8}.Debug|Any CPU.ActiveCfg = Debug|Any CPU
		{213C4518-0E1F-40AD-A891-B9DAE1E697D8}.Debug|Any CPU.Build.0 = Debug|Any CPU
		{213C4518-0E1F-40AD-A891-B9DAE1E697D8}.Release|Any CPU.ActiveCfg = Release|Any CPU
		{213C4518-0E1F-40AD-A891-B9DAE1E697D8}.Release|Any CPU.Build.0 = Release|Any CPU
		{266E8581-D310-452F-B4FD-9EF252A0A628}.Debug|Any CPU.ActiveCfg = Debug|Any CPU
		{266E8581-D310-452F-B4FD-9EF252A0A628}.Debug|Any CPU.Build.0 = Debug|Any CPU
		{266E8581-D310-452F-B4FD-9EF252A0A628}.Release|Any CPU.ActiveCfg = Release|Any CPU
		{266E8581-D310-452F-B4FD-9EF252A0A628}.Release|Any CPU.Build.0 = Release|Any CPU
		{6B7AB267-3925-49C5-853C-0A9F9515268F}.Debug|Any CPU.ActiveCfg = Debug|Any CPU
		{6B7AB267-3925-49C5-853C-0A9F9515268F}.Debug|Any CPU.Build.0 = Debug|Any CPU
		{6B7AB267-3925-49C5-853C-0A9F9515268F}.Release|Any CPU.ActiveCfg = Release|Any CPU
		{6B7AB267-3925-49C5-853C-0A9F9515268F}.Release|Any CPU.Build.0 = Release|Any CPU
		{63DD66FE-14C6-4BCF-AD37-B03EBC423719}.Debug|Any CPU.ActiveCfg = Debug|Any CPU
		{63DD66FE-14C6-4BCF-AD37-B03EBC423719}.Debug|Any CPU.Build.0 = Debug|Any CPU
		{63DD66FE-14C6-4BCF-AD37-B03EBC423719}.Release|Any CPU.ActiveCfg = Release|Any CPU
		{63DD66FE-14C6-4BCF-AD37-B03EBC423719}.Release|Any CPU.Build.0 = Release|Any CPU
		{26DE3A03-E6F7-46A8-8C4E-1C973B0D0ED4}.Debug|Any CPU.ActiveCfg = Debug|Any CPU
		{26DE3A03-E6F7-46A8-8C4E-1C973B0D0ED4}.Debug|Any CPU.Build.0 = Debug|Any CPU
		{26DE3A03-E6F7-46A8-8C4E-1C973B0D0ED4}.Release|Any CPU.ActiveCfg = Release|Any CPU
		{26DE3A03-E6F7-46A8-8C4E-1C973B0D0ED4}.Release|Any CPU.Build.0 = Release|Any CPU
		{2BD732E7-D371-4649-98FC-51660B502F54}.Debug|Any CPU.ActiveCfg = Debug|Any CPU
		{2BD732E7-D371-4649-98FC-51660B502F54}.Debug|Any CPU.Build.0 = Debug|Any CPU
		{2BD732E7-D371-4649-98FC-51660B502F54}.Release|Any CPU.ActiveCfg = Release|Any CPU
		{2BD732E7-D371-4649-98FC-51660B502F54}.Release|Any CPU.Build.0 = Release|Any CPU
		{78BE6B65-0BD2-486B-8AD2-0BFF84CFC954}.Debug|Any CPU.ActiveCfg = Debug|Any CPU
		{78BE6B65-0BD2-486B-8AD2-0BFF84CFC954}.Debug|Any CPU.Build.0 = Debug|Any CPU
		{78BE6B65-0BD2-486B-8AD2-0BFF84CFC954}.Release|Any CPU.ActiveCfg = Release|Any CPU
		{78BE6B65-0BD2-486B-8AD2-0BFF84CFC954}.Release|Any CPU.Build.0 = Release|Any CPU
		{9C680684-F591-4C71-9357-3D386D752167}.Debug|Any CPU.ActiveCfg = Debug|Any CPU
		{9C680684-F591-4C71-9357-3D386D752167}.Debug|Any CPU.Build.0 = Debug|Any CPU
		{9C680684-F591-4C71-9357-3D386D752167}.Release|Any CPU.ActiveCfg = Release|Any CPU
		{9C680684-F591-4C71-9357-3D386D752167}.Release|Any CPU.Build.0 = Release|Any CPU
	EndGlobalSection
	GlobalSection(SolutionProperties) = preSolution
		HideSolutionNode = FALSE
	EndGlobalSection
	GlobalSection(ExtensibilityGlobals) = postSolution
		SolutionGuid = {81FB6D58-FA20-4065-8367-01D977FD0659}
	EndGlobalSection
EndGlobal
